// !$*UTF8*$!
{
	archiveVersion = 1;
	classes = {
	};
	objectVersion = 46;
	objects = {

/* Begin PBXBuildFile section */
		4063A3871A8FA27B00E7F79B /* main.m in Sources */ = {isa = PBXBuildFile; fileRef = 4063A3861A8FA27B00E7F79B /* main.m */; };
		4063A38A1A8FA27B00E7F79B /* AppDelegate.m in Sources */ = {isa = PBXBuildFile; fileRef = 4063A3891A8FA27B00E7F79B /* AppDelegate.m */; };
		4063A38D1A8FA27B00E7F79B /* Rss.xcdatamodeld in Sources */ = {isa = PBXBuildFile; fileRef = 4063A38B1A8FA27B00E7F79B /* Rss.xcdatamodeld */; };
		4063A3901A8FA27B00E7F79B /* ViewController.m in Sources */ = {isa = PBXBuildFile; fileRef = 4063A38F1A8FA27B00E7F79B /* ViewController.m */; };
		4063A3931A8FA27B00E7F79B /* Main.storyboard in Resources */ = {isa = PBXBuildFile; fileRef = 4063A3911A8FA27B00E7F79B /* Main.storyboard */; };
		4063A3981A8FA27B00E7F79B /* LaunchScreen.xib in Resources */ = {isa = PBXBuildFile; fileRef = 4063A3961A8FA27B00E7F79B /* LaunchScreen.xib */; };
		4063A3A41A8FA27C00E7F79B /* RssTests.m in Sources */ = {isa = PBXBuildFile; fileRef = 4063A3A31A8FA27C00E7F79B /* RssTests.m */; };
		4063A3B21A8FA42900E7F79B /* avatar.png in Resources */ = {isa = PBXBuildFile; fileRef = 4063A3B11A8FA42900E7F79B /* avatar.png */; };
		407F4DCD1A91C5BA00B90109 /* iphone4s.png in Resources */ = {isa = PBXBuildFile; fileRef = 407F4DC91A91C5BA00B90109 /* iphone4s.png */; };
		407F4DCE1A91C5BA00B90109 /* iphone5s.png in Resources */ = {isa = PBXBuildFile; fileRef = 407F4DCA1A91C5BA00B90109 /* iphone5s.png */; };
		407F4DCF1A91C5BA00B90109 /* iphone6.png in Resources */ = {isa = PBXBuildFile; fileRef = 407F4DCB1A91C5BA00B90109 /* iphone6.png */; };
		407F4DD01A91C5BA00B90109 /* iphone6plus.png in Resources */ = {isa = PBXBuildFile; fileRef = 407F4DCC1A91C5BA00B90109 /* iphone6plus.png */; };
		407F4DD21A91C75000B90109 /* Images.xcassets in Resources */ = {isa = PBXBuildFile; fileRef = 407F4DD11A91C75000B90109 /* Images.xcassets */; };
		40E338711A91AD0000DA2FB3 /* DataUtil.m in Sources */ = {isa = PBXBuildFile; fileRef = 40E338701A91AD0000DA2FB3 /* DataUtil.m */; };
		40E338731A91B42400DA2FB3 /* UIKit.framework in Frameworks */ = {isa = PBXBuildFile; fileRef = 40E338721A91B42400DA2FB3 /* UIKit.framework */; };
		40E338751A91BB3B00DA2FB3 /* CFNetwork.framework in Frameworks */ = {isa = PBXBuildFile; fileRef = 40E338741A91BB3B00DA2FB3 /* CFNetwork.framework */; };
		40EA99E51A90A57600CF6A9B /* Foundation.framework in Frameworks */ = {isa = PBXBuildFile; fileRef = 40EA99E41A90A57600CF6A9B /* Foundation.framework */; };
		40EA99E81A90A69F00CF6A9B /* TBXML.m in Sources */ = {isa = PBXBuildFile; fileRef = 40EA99E71A90A69F00CF6A9B /* TBXML.m */; settings = {COMPILER_FLAGS = "-fno-objc-arc"; }; };
		40EA99EF1A90A81600CF6A9B /* Element.m in Sources */ = {isa = PBXBuildFile; fileRef = 40EA99EE1A90A81600CF6A9B /* Element.m */; };
		40EA99F51A90B9A600CF6A9B /* CustomCell.m in Sources */ = {isa = PBXBuildFile; fileRef = 40EA99F41A90B9A600CF6A9B /* CustomCell.m */; };
		40EA99F71A915EB200CF6A9B /* QuartzCore.framework in Frameworks */ = {isa = PBXBuildFile; fileRef = 40EA99F61A915EB100CF6A9B /* QuartzCore.framework */; };
/* End PBXBuildFile section */

/* Begin PBXContainerItemProxy section */
		4063A39E1A8FA27C00E7F79B /* PBXContainerItemProxy */ = {
			isa = PBXContainerItemProxy;
			containerPortal = 4063A3791A8FA27B00E7F79B /* Project object */;
			proxyType = 1;
			remoteGlobalIDString = 4063A3801A8FA27B00E7F79B;
			remoteInfo = Rss;
		};
/* End PBXContainerItemProxy section */

/* Begin PBXFileReference section */
		4063A3811A8FA27B00E7F79B /* Rss.app */ = {isa = PBXFileReference; explicitFileType = wrapper.application; includeInIndex = 0; path = Rss.app; sourceTree = BUILT_PRODUCTS_DIR; };
		4063A3851A8FA27B00E7F79B /* Info.plist */ = {isa = PBXFileReference; lastKnownFileType = text.plist.xml; path = Info.plist; sourceTree = "<group>"; };
		4063A3861A8FA27B00E7F79B /* main.m */ = {isa = PBXFileReference; lastKnownFileType = sourcecode.c.objc; path = main.m; sourceTree = "<group>"; };
		4063A3881A8FA27B00E7F79B /* AppDelegate.h */ = {isa = PBXFileReference; lastKnownFileType = sourcecode.c.h; path = AppDelegate.h; sourceTree = "<group>"; };
		4063A3891A8FA27B00E7F79B /* AppDelegate.m */ = {isa = PBXFileReference; lastKnownFileType = sourcecode.c.objc; path = AppDelegate.m; sourceTree = "<group>"; };
		4063A38C1A8FA27B00E7F79B /* Rss.xcdatamodel */ = {isa = PBXFileReference; lastKnownFileType = wrapper.xcdatamodel; path = Rss.xcdatamodel; sourceTree = "<group>"; };
		4063A38E1A8FA27B00E7F79B /* ViewController.h */ = {isa = PBXFileReference; lastKnownFileType = sourcecode.c.h; path = ViewController.h; sourceTree = "<group>"; };
		4063A38F1A8FA27B00E7F79B /* ViewController.m */ = {isa = PBXFileReference; lastKnownFileType = sourcecode.c.objc; path = ViewController.m; sourceTree = "<group>"; };
		4063A3921A8FA27B00E7F79B /* Base */ = {isa = PBXFileReference; lastKnownFileType = file.storyboard; name = Base; path = Base.lproj/Main.storyboard; sourceTree = "<group>"; };
		4063A3971A8FA27B00E7F79B /* Base */ = {isa = PBXFileReference; lastKnownFileType = file.xib; name = Base; path = Base.lproj/LaunchScreen.xib; sourceTree = "<group>"; };
		4063A39D1A8FA27C00E7F79B /* RssTests.xctest */ = {isa = PBXFileReference; explicitFileType = wrapper.cfbundle; includeInIndex = 0; path = RssTests.xctest; sourceTree = BUILT_PRODUCTS_DIR; };
		4063A3A21A8FA27C00E7F79B /* Info.plist */ = {isa = PBXFileReference; lastKnownFileType = text.plist.xml; path = Info.plist; sourceTree = "<group>"; };
		4063A3A31A8FA27C00E7F79B /* RssTests.m */ = {isa = PBXFileReference; lastKnownFileType = sourcecode.c.objc; path = RssTests.m; sourceTree = "<group>"; };
		4063A3B11A8FA42900E7F79B /* avatar.png */ = {isa = PBXFileReference; lastKnownFileType = image.png; path = avatar.png; sourceTree = "<group>"; };
		407F4DC91A91C5BA00B90109 /* iphone4s.png */ = {isa = PBXFileReference; lastKnownFileType = image.png; path = iphone4s.png; sourceTree = "<group>"; };
		407F4DCA1A91C5BA00B90109 /* iphone5s.png */ = {isa = PBXFileReference; lastKnownFileType = image.png; path = iphone5s.png; sourceTree = "<group>"; };
		407F4DCB1A91C5BA00B90109 /* iphone6.png */ = {isa = PBXFileReference; lastKnownFileType = image.png; path = iphone6.png; sourceTree = "<group>"; };
		407F4DCC1A91C5BA00B90109 /* iphone6plus.png */ = {isa = PBXFileReference; lastKnownFileType = image.png; path = iphone6plus.png; sourceTree = "<group>"; };
		407F4DD11A91C75000B90109 /* Images.xcassets */ = {isa = PBXFileReference; lastKnownFileType = folder.assetcatalog; path = Images.xcassets; sourceTree = "<group>"; };
		40E3386F1A91AD0000DA2FB3 /* DataUtil.h */ = {isa = PBXFileReference; fileEncoding = 4; lastKnownFileType = sourcecode.c.h; path = DataUtil.h; sourceTree = "<group>"; };
		40E338701A91AD0000DA2FB3 /* DataUtil.m */ = {isa = PBXFileReference; fileEncoding = 4; lastKnownFileType = sourcecode.c.objc; path = DataUtil.m; sourceTree = "<group>"; };
		40E338721A91B42400DA2FB3 /* UIKit.framework */ = {isa = PBXFileReference; lastKnownFileType = wrapper.framework; name = UIKit.framework; path = System/Library/Frameworks/UIKit.framework; sourceTree = SDKROOT; };
		40E338741A91BB3B00DA2FB3 /* CFNetwork.framework */ = {isa = PBXFileReference; lastKnownFileType = wrapper.framework; name = CFNetwork.framework; path = System/Library/Frameworks/CFNetwork.framework; sourceTree = SDKROOT; };
		40EA99E41A90A57600CF6A9B /* Foundation.framework */ = {isa = PBXFileReference; lastKnownFileType = wrapper.framework; name = Foundation.framework; path = System/Library/Frameworks/Foundation.framework; sourceTree = SDKROOT; };
		40EA99E61A90A69F00CF6A9B /* TBXML.h */ = {isa = PBXFileReference; fileEncoding = 4; lastKnownFileType = sourcecode.c.h; path = TBXML.h; sourceTree = "<group>"; };
		40EA99E71A90A69F00CF6A9B /* TBXML.m */ = {isa = PBXFileReference; fileEncoding = 4; lastKnownFileType = sourcecode.c.objc; path = TBXML.m; sourceTree = "<group>"; };
		40EA99ED1A90A81600CF6A9B /* Element.h */ = {isa = PBXFileReference; fileEncoding = 4; lastKnownFileType = sourcecode.c.h; path = Element.h; sourceTree = "<group>"; };
		40EA99EE1A90A81600CF6A9B /* Element.m */ = {isa = PBXFileReference; fileEncoding = 4; lastKnownFileType = sourcecode.c.objc; path = Element.m; sourceTree = "<group>"; };
		40EA99F31A90B9A600CF6A9B /* CustomCell.h */ = {isa = PBXFileReference; fileEncoding = 4; lastKnownFileType = sourcecode.c.h; path = CustomCell.h; sourceTree = "<group>"; };
		40EA99F41A90B9A600CF6A9B /* CustomCell.m */ = {isa = PBXFileReference; fileEncoding = 4; lastKnownFileType = sourcecode.c.objc; path = CustomCell.m; sourceTree = "<group>"; };
		40EA99F61A915EB100CF6A9B /* QuartzCore.framework */ = {isa = PBXFileReference; lastKnownFileType = wrapper.framework; name = QuartzCore.framework; path = System/Library/Frameworks/QuartzCore.framework; sourceTree = SDKROOT; };
/* End PBXFileReference section */

/* Begin PBXFrameworksBuildPhase section */
		4063A37E1A8FA27B00E7F79B /* Frameworks */ = {
			isa = PBXFrameworksBuildPhase;
			buildActionMask = 2147483647;
			files = (
				40E338751A91BB3B00DA2FB3 /* CFNetwork.framework in Frameworks */,
				40E338731A91B42400DA2FB3 /* UIKit.framework in Frameworks */,
				40EA99F71A915EB200CF6A9B /* QuartzCore.framework in Frameworks */,
				40EA99E51A90A57600CF6A9B /* Foundation.framework in Frameworks */,
			);
			runOnlyForDeploymentPostprocessing = 0;
		};
		4063A39A1A8FA27C00E7F79B /* Frameworks */ = {
			isa = PBXFrameworksBuildPhase;
			buildActionMask = 2147483647;
			files = (
			);
			runOnlyForDeploymentPostprocessing = 0;
		};
/* End PBXFrameworksBuildPhase section */

/* Begin PBXGroup section */
		4063A3781A8FA27B00E7F79B = {
			isa = PBXGroup;
			children = (
				4063A3831A8FA27B00E7F79B /* Rss */,
				4063A3A01A8FA27C00E7F79B /* RssTests */,
				4063A3821A8FA27B00E7F79B /* Products */,
				40EA99CB1A90956B00CF6A9B /* Framworks */,
			);
			sourceTree = "<group>";
		};
		4063A3821A8FA27B00E7F79B /* Products */ = {
			isa = PBXGroup;
			children = (
				4063A3811A8FA27B00E7F79B /* Rss.app */,
				4063A39D1A8FA27C00E7F79B /* RssTests.xctest */,
			);
			name = Products;
			sourceTree = "<group>";
		};
		4063A3831A8FA27B00E7F79B /* Rss */ = {
			isa = PBXGroup;
			children = (
				40EA99EC1A90A80B00CF6A9B /* Element */,
				40EA99D81A90A34B00CF6A9B /* TBXML */,
				4063A3B01A8FA42900E7F79B /* resource */,
				4063A3881A8FA27B00E7F79B /* AppDelegate.h */,
				4063A3891A8FA27B00E7F79B /* AppDelegate.m */,
				4063A38E1A8FA27B00E7F79B /* ViewController.h */,
				4063A38F1A8FA27B00E7F79B /* ViewController.m */,
				4063A3911A8FA27B00E7F79B /* Main.storyboard */,
				4063A3961A8FA27B00E7F79B /* LaunchScreen.xib */,
				4063A38B1A8FA27B00E7F79B /* Rss.xcdatamodeld */,
				407F4DD11A91C75000B90109 /* Images.xcassets */,
				4063A3841A8FA27B00E7F79B /* Supporting Files */,
			);
			path = Rss;
			sourceTree = "<group>";
		};
		4063A3841A8FA27B00E7F79B /* Supporting Files */ = {
			isa = PBXGroup;
			children = (
				4063A3851A8FA27B00E7F79B /* Info.plist */,
				4063A3861A8FA27B00E7F79B /* main.m */,
			);
			name = "Supporting Files";
			sourceTree = "<group>";
		};
		4063A3A01A8FA27C00E7F79B /* RssTests */ = {
			isa = PBXGroup;
			children = (
				4063A3A31A8FA27C00E7F79B /* RssTests.m */,
				4063A3A11A8FA27C00E7F79B /* Supporting Files */,
			);
			path = RssTests;
			sourceTree = "<group>";
		};
		4063A3A11A8FA27C00E7F79B /* Supporting Files */ = {
			isa = PBXGroup;
			children = (
				4063A3A21A8FA27C00E7F79B /* Info.plist */,
			);
			name = "Supporting Files";
			sourceTree = "<group>";
		};
		4063A3B01A8FA42900E7F79B /* resource */ = {
			isa = PBXGroup;
			children = (
				407F4DC91A91C5BA00B90109 /* iphone4s.png */,
				407F4DCA1A91C5BA00B90109 /* iphone5s.png */,
				407F4DCB1A91C5BA00B90109 /* iphone6.png */,
				407F4DCC1A91C5BA00B90109 /* iphone6plus.png */,
				4063A3B11A8FA42900E7F79B /* avatar.png */,
			);
			path = resource;
			sourceTree = "<group>";
		};
		40EA99CB1A90956B00CF6A9B /* Framworks */ = {
			isa = PBXGroup;
			children = (
				40E338741A91BB3B00DA2FB3 /* CFNetwork.framework */,
				40E338721A91B42400DA2FB3 /* UIKit.framework */,
				40EA99F61A915EB100CF6A9B /* QuartzCore.framework */,
				40EA99E41A90A57600CF6A9B /* Foundation.framework */,
			);
			name = Framworks;
			sourceTree = "<group>";
		};
		40EA99D81A90A34B00CF6A9B /* TBXML */ = {
			isa = PBXGroup;
			children = (
				40EA99E61A90A69F00CF6A9B /* TBXML.h */,
				40EA99E71A90A69F00CF6A9B /* TBXML.m */,
			);
			path = TBXML;
			sourceTree = "<group>";
		};
		40EA99EC1A90A80B00CF6A9B /* Element */ = {
			isa = PBXGroup;
			children = (
				40EA99F31A90B9A600CF6A9B /* CustomCell.h */,
				40EA99F41A90B9A600CF6A9B /* CustomCell.m */,
				40EA99ED1A90A81600CF6A9B /* Element.h */,
				40EA99EE1A90A81600CF6A9B /* Element.m */,
				40E3386F1A91AD0000DA2FB3 /* DataUtil.h */,
				40E338701A91AD0000DA2FB3 /* DataUtil.m */,
			);
			name = Element;
			path = Rss/Element;
			sourceTree = SOURCE_ROOT;
		};
/* End PBXGroup section */

/* Begin PBXNativeTarget section */
		4063A3801A8FA27B00E7F79B /* Rss */ = {
			isa = PBXNativeTarget;
			buildConfigurationList = 4063A3A71A8FA27C00E7F79B /* Build configuration list for PBXNativeTarget "Rss" */;
			buildPhases = (
				4063A37D1A8FA27B00E7F79B /* Sources */,
				4063A37E1A8FA27B00E7F79B /* Frameworks */,
				4063A37F1A8FA27B00E7F79B /* Resources */,
			);
			buildRules = (
			);
			dependencies = (
			);
			name = Rss;
			productName = Rss;
			productReference = 4063A3811A8FA27B00E7F79B /* Rss.app */;
			productType = "com.apple.product-type.application";
		};
		4063A39C1A8FA27C00E7F79B /* RssTests */ = {
			isa = PBXNativeTarget;
			buildConfigurationList = 4063A3AA1A8FA27C00E7F79B /* Build configuration list for PBXNativeTarget "RssTests" */;
			buildPhases = (
				4063A3991A8FA27C00E7F79B /* Sources */,
				4063A39A1A8FA27C00E7F79B /* Frameworks */,
				4063A39B1A8FA27C00E7F79B /* Resources */,
			);
			buildRules = (
			);
			dependencies = (
				4063A39F1A8FA27C00E7F79B /* PBXTargetDependency */,
			);
			name = RssTests;
			productName = RssTests;
			productReference = 4063A39D1A8FA27C00E7F79B /* RssTests.xctest */;
			productType = "com.apple.product-type.bundle.unit-test";
		};
/* End PBXNativeTarget section */

/* Begin PBXProject section */
		4063A3791A8FA27B00E7F79B /* Project object */ = {
			isa = PBXProject;
			attributes = {
				LastUpgradeCheck = 0610;
				ORGANIZATIONNAME = "TRINH Van Huy";
				TargetAttributes = {
					4063A3801A8FA27B00E7F79B = {
						CreatedOnToolsVersion = 6.1.1;
					};
					4063A39C1A8FA27C00E7F79B = {
						CreatedOnToolsVersion = 6.1.1;
						TestTargetID = 4063A3801A8FA27B00E7F79B;
					};
				};
			};
			buildConfigurationList = 4063A37C1A8FA27B00E7F79B /* Build configuration list for PBXProject "Rss" */;
			compatibilityVersion = "Xcode 3.2";
			developmentRegion = English;
			hasScannedForEncodings = 0;
			knownRegions = (
				en,
				Base,
				English,
			);
			mainGroup = 4063A3781A8FA27B00E7F79B;
			productRefGroup = 4063A3821A8FA27B00E7F79B /* Products */;
			projectDirPath = "";
			projectRoot = "";
			targets = (
				4063A3801A8FA27B00E7F79B /* Rss */,
				4063A39C1A8FA27C00E7F79B /* RssTests */,
			);
		};
/* End PBXProject section */

/* Begin PBXResourcesBuildPhase section */
		4063A37F1A8FA27B00E7F79B /* Resources */ = {
			isa = PBXResourcesBuildPhase;
			buildActionMask = 2147483647;
			files = (
				407F4DCE1A91C5BA00B90109 /* iphone5s.png in Resources */,
				407F4DD21A91C75000B90109 /* Images.xcassets in Resources */,
				407F4DCD1A91C5BA00B90109 /* iphone4s.png in Resources */,
				4063A3B21A8FA42900E7F79B /* avatar.png in Resources */,
				407F4DCF1A91C5BA00B90109 /* iphone6.png in Resources */,
				4063A3931A8FA27B00E7F79B /* Main.storyboard in Resources */,
				4063A3981A8FA27B00E7F79B /* LaunchScreen.xib in Resources */,
				407F4DD01A91C5BA00B90109 /* iphone6plus.png in Resources */,
			);
			runOnlyForDeploymentPostprocessing = 0;
		};
		4063A39B1A8FA27C00E7F79B /* Resources */ = {
			isa = PBXResourcesBuildPhase;
			buildActionMask = 2147483647;
			files = (
			);
			runOnlyForDeploymentPostprocessing = 0;
		};
/* End PBXResourcesBuildPhase section */

/* Begin PBXSourcesBuildPhase section */
		4063A37D1A8FA27B00E7F79B /* Sources */ = {
			isa = PBXSourcesBuildPhase;
			buildActionMask = 2147483647;
			files = (
				40EA99EF1A90A81600CF6A9B /* Element.m in Sources */,
				40EA99F51A90B9A600CF6A9B /* CustomCell.m in Sources */,
				4063A38A1A8FA27B00E7F79B /* AppDelegate.m in Sources */,
				4063A3871A8FA27B00E7F79B /* main.m in Sources */,
				4063A3901A8FA27B00E7F79B /* ViewController.m in Sources */,
				40E338711A91AD0000DA2FB3 /* DataUtil.m in Sources */,
				4063A38D1A8FA27B00E7F79B /* Rss.xcdatamodeld in Sources */,
				40EA99E81A90A69F00CF6A9B /* TBXML.m in Sources */,
			);
			runOnlyForDeploymentPostprocessing = 0;
		};
		4063A3991A8FA27C00E7F79B /* Sources */ = {
			isa = PBXSourcesBuildPhase;
			buildActionMask = 2147483647;
			files = (
				4063A3A41A8FA27C00E7F79B /* RssTests.m in Sources */,
			);
			runOnlyForDeploymentPostprocessing = 0;
		};
/* End PBXSourcesBuildPhase section */

/* Begin PBXTargetDependency section */
		4063A39F1A8FA27C00E7F79B /* PBXTargetDependency */ = {
			isa = PBXTargetDependency;
			target = 4063A3801A8FA27B00E7F79B /* Rss */;
			targetProxy = 4063A39E1A8FA27C00E7F79B /* PBXContainerItemProxy */;
		};
/* End PBXTargetDependency section */

/* Begin PBXVariantGroup section */
		4063A3911A8FA27B00E7F79B /* Main.storyboard */ = {
			isa = PBXVariantGroup;
			children = (
				4063A3921A8FA27B00E7F79B /* Base */,
			);
			name = Main.storyboard;
			sourceTree = "<group>";
		};
		4063A3961A8FA27B00E7F79B /* LaunchScreen.xib */ = {
			isa = PBXVariantGroup;
			children = (
				4063A3971A8FA27B00E7F79B /* Base */,
			);
			name = LaunchScreen.xib;
			sourceTree = "<group>";
		};
/* End PBXVariantGroup section */

/* Begin XCBuildConfiguration section */
		4063A3A51A8FA27C00E7F79B /* Debug */ = {
			isa = XCBuildConfiguration;
			buildSettings = {
				ALWAYS_SEARCH_USER_PATHS = NO;
				CLANG_CXX_LANGUAGE_STANDARD = "gnu++0x";
				CLANG_CXX_LIBRARY = "libc++";
				CLANG_ENABLE_MODULES = YES;
				CLANG_ENABLE_OBJC_ARC = YES;
				CLANG_WARN_BOOL_CONVERSION = YES;
				CLANG_WARN_CONSTANT_CONVERSION = YES;
				CLANG_WARN_DIRECT_OBJC_ISA_USAGE = YES_ERROR;
				CLANG_WARN_EMPTY_BODY = YES;
				CLANG_WARN_ENUM_CONVERSION = YES;
				CLANG_WARN_INT_CONVERSION = YES;
				CLANG_WARN_OBJC_ROOT_CLASS = YES_ERROR;
				CLANG_WARN_UNREACHABLE_CODE = YES;
				CLANG_WARN__DUPLICATE_METHOD_MATCH = YES;
				"CODE_SIGN_IDENTITY[sdk=iphoneos*]" = "iPhone Developer";
				COPY_PHASE_STRIP = NO;
				ENABLE_STRICT_OBJC_MSGSEND = YES;
				GCC_C_LANGUAGE_STANDARD = gnu99;
				GCC_DYNAMIC_NO_PIC = NO;
				GCC_OPTIMIZATION_LEVEL = 0;
				GCC_PREPROCESSOR_DEFINITIONS = (
					"DEBUG=1",
					"$(inherited)",
				);
				GCC_SYMBOLS_PRIVATE_EXTERN = NO;
				GCC_WARN_64_TO_32_BIT_CONVERSION = YES;
				GCC_WARN_ABOUT_RETURN_TYPE = YES_ERROR;
				GCC_WARN_UNDECLARED_SELECTOR = YES;
				GCC_WARN_UNINITIALIZED_AUTOS = YES_AGGRESSIVE;
				GCC_WARN_UNUSED_FUNCTION = YES;
				GCC_WARN_UNUSED_VARIABLE = YES;
				IPHONEOS_DEPLOYMENT_TARGET = 8.1;
				MTL_ENABLE_DEBUG_INFO = YES;
				ONLY_ACTIVE_ARCH = YES;
				SDKROOT = iphoneos;
				TARGETED_DEVICE_FAMILY = "1,2";
			};
			name = Debug;
		};
		4063A3A61A8FA27C00E7F79B /* Release */ = {
			isa = XCBuildConfiguration;
			buildSettings = {
				ALWAYS_SEARCH_USER_PATHS = NO;
				CLANG_CXX_LANGUAGE_STANDARD = "gnu++0x";
				CLANG_CXX_LIBRARY = "libc++";
				CLANG_ENABLE_MODULES = YES;
				CLANG_ENABLE_OBJC_ARC = YES;
				CLANG_WARN_BOOL_CONVERSION = YES;
				CLANG_WARN_CONSTANT_CONVERSION = YES;
				CLANG_WARN_DIRECT_OBJC_ISA_USAGE = YES_ERROR;
				CLANG_WARN_EMPTY_BODY = YES;
				CLANG_WARN_ENUM_CONVERSION = YES;
				CLANG_WARN_INT_CONVERSION = YES;
				CLANG_WARN_OBJC_ROOT_CLASS = YES_ERROR;
				CLANG_WARN_UNREACHABLE_CODE = YES;
				CLANG_WARN__DUPLICATE_METHOD_MATCH = YES;
				"CODE_SIGN_IDENTITY[sdk=iphoneos*]" = "iPhone Developer";
				COPY_PHASE_STRIP = YES;
				ENABLE_NS_ASSERTIONS = NO;
				ENABLE_STRICT_OBJC_MSGSEND = YES;
				GCC_C_LANGUAGE_STANDARD = gnu99;
				GCC_WARN_64_TO_32_BIT_CONVERSION = YES;
				GCC_WARN_ABOUT_RETURN_TYPE = YES_ERROR;
				GCC_WARN_UNDECLARED_SELECTOR = YES;
				GCC_WARN_UNINITIALIZED_AUTOS = YES_AGGRESSIVE;
				GCC_WARN_UNUSED_FUNCTION = YES;
				GCC_WARN_UNUSED_VARIABLE = YES;
				IPHONEOS_DEPLOYMENT_TARGET = 8.1;
				MTL_ENABLE_DEBUG_INFO = NO;
				SDKROOT = iphoneos;
				TARGETED_DEVICE_FAMILY = "1,2";
				VALIDATE_PRODUCT = YES;
			};
			name = Release;
		};
		4063A3A81A8FA27C00E7F79B /* Debug */ = {
			isa = XCBuildConfiguration;
			buildSettings = {
				ASSETCATALOG_COMPILER_APPICON_NAME = AppIcon;
				ASSETCATALOG_COMPILER_LAUNCHIMAGE_NAME = LaunchImage;
				GCC_PRECOMPILE_PREFIX_HEADER = YES;
				INFOPLIST_FILE = Rss/Info.plist;
				IPHONEOS_DEPLOYMENT_TARGET = 7.0;
				LD_RUNPATH_SEARCH_PATHS = "$(inherited) @executable_path/Frameworks";
				PRODUCT_NAME = "$(TARGET_NAME)";
				TARGETED_DEVICE_FAMILY = 1;
			};
			name = Debug;
		};
		4063A3A91A8FA27C00E7F79B /* Release */ = {
			isa = XCBuildConfiguration;
			buildSettings = {
				ASSETCATALOG_COMPILER_APPICON_NAME = AppIcon;
				ASSETCATALOG_COMPILER_LAUNCHIMAGE_NAME = LaunchImage;
				GCC_PRECOMPILE_PREFIX_HEADER = YES;
				INFOPLIST_FILE = Rss/Info.plist;
				IPHONEOS_DEPLOYMENT_TARGET = 7.0;
				LD_RUNPATH_SEARCH_PATHS = "$(inherited) @executable_path/Frameworks";
				PRODUCT_NAME = "$(TARGET_NAME)";
				TARGETED_DEVICE_FAMILY = 1;
			};
			name = Release;
		};
		4063A3AB1A8FA27C00E7F79B /* Debug */ = {
			isa = XCBuildConfiguration;
			buildSettings = {
				BUNDLE_LOADER = "$(TEST_HOST)";
				FRAMEWORK_SEARCH_PATHS = (
					"$(SDKROOT)/Developer/Library/Frameworks",
					"$(inherited)",
				);
				GCC_PREPROCESSOR_DEFINITIONS = (
					"DEBUG=1",
					"$(inherited)",
				);
				INFOPLIST_FILE = RssTests/Info.plist;
				LD_RUNPATH_SEARCH_PATHS = "$(inherited) @executable_path/Frameworks @loader_path/Frameworks";
				PRODUCT_NAME = "$(TARGET_NAME)";
				TEST_HOST = "$(BUILT_PRODUCTS_DIR)/Rss.app/Rss";
			};
			name = Debug;
		};
		4063A3AC1A8FA27C00E7F79B /* Release */ = {
			isa = XCBuildConfiguration;
			buildSettings = {
				BUNDLE_LOADER = "$(TEST_HOST)";
				FRAMEWORK_SEARCH_PATHS = (
					"$(SDKROOT)/Developer/Library/Frameworks",
					"$(inherited)",
				);
				INFOPLIST_FILE = RssTests/Info.plist;
				LD_RUNPATH_SEARCH_PATHS = "$(inherited) @executable_path/Frameworks @loader_path/Frameworks";
				PRODUCT_NAME = "$(TARGET_NAME)";
				TEST_HOST = "$(BUILT_PRODUCTS_DIR)/Rss.app/Rss";
			};
			name = Release;
		};
/* End XCBuildConfiguration section */

/* Begin XCConfigurationList section */
		4063A37C1A8FA27B00E7F79B /* Build configuration list for PBXProject "Rss" */ = {
			isa = XCConfigurationList;
			buildConfigurations = (
				4063A3A51A8FA27C00E7F79B /* Debug */,
				4063A3A61A8FA27C00E7F79B /* Release */,
			);
			defaultConfigurationIsVisible = 0;
			defaultConfigurationName = Release;
		};
		4063A3A71A8FA27C00E7F79B /* Build configuration list for PBXNativeTarget "Rss" */ = {
			isa = XCConfigurationList;
			buildConfigurations = (
				4063A3A81A8FA27C00E7F79B /* Debug */,
				4063A3A91A8FA27C00E7F79B /* Release */,
			);
			defaultConfigurationIsVisible = 0;
			defaultConfigurationName = Release;
		};
		4063A3AA1A8FA27C00E7F79B /* Build configuration list for PBXNativeTarget "RssTests" */ = {
			isa = XCConfigurationList;
			buildConfigurations = (
				4063A3AB1A8FA27C00E7F79B /* Debug */,
				4063A3AC1A8FA27C00E7F79B /* Release */,
			);
			defaultConfigurationIsVisible = 0;
			defaultConfigurationName = Release;
		};
/* End XCConfigurationList section */

/* Begin XCVersionGroup section */
		4063A38B1A8FA27B00E7F79B /* Rss.xcdatamodeld */ = {
			isa = XCVersionGroup;
			children = (
				4063A38C1A8FA27B00E7F79B /* Rss.xcdatamodel */,
			);
			currentVersion = 4063A38C1A8FA27B00E7F79B /* Rss.xcdatamodel */;
			path = Rss.xcdatamodeld;
			sourceTree = "<group>";
			versionGroupType = wrapper.xcdatamodel;
		};
/* End XCVersionGroup section */
	};
	rootObject = 4063A3791A8FA27B00E7F79B /* Project object */;
}
